// !$*UTF8*$!
{
	archiveVersion = 1;
	classes = {
	};
	objectVersion = 50;
	objects = {

/* Begin PBXBuildFile section */
		31B45B33FAB8279A3B75E6E1 /* Pods_TSPodHook.framework in Frameworks */ = {isa = PBXBuildFile; fileRef = 1F1E119745A67880D546E89C /* Pods_TSPodHook.framework */; };
		AEFA9268256250FF00A81661 /* AppDelegate.m in Sources */ = {isa = PBXBuildFile; fileRef = AEFA9267256250FF00A81661 /* AppDelegate.m */; };
		AEFA926B256250FF00A81661 /* SceneDelegate.m in Sources */ = {isa = PBXBuildFile; fileRef = AEFA926A256250FF00A81661 /* SceneDelegate.m */; };
		AEFA926E256250FF00A81661 /* ViewController.m in Sources */ = {isa = PBXBuildFile; fileRef = AEFA926D256250FF00A81661 /* ViewController.m */; };
		AEFA9271256250FF00A81661 /* Main.storyboard in Resources */ = {isa = PBXBuildFile; fileRef = AEFA926F256250FF00A81661 /* Main.storyboard */; };
		AEFA92732562510100A81661 /* Assets.xcassets in Resources */ = {isa = PBXBuildFile; fileRef = AEFA92722562510100A81661 /* Assets.xcassets */; };
		AEFA92762562510100A81661 /* LaunchScreen.storyboard in Resources */ = {isa = PBXBuildFile; fileRef = AEFA92742562510100A81661 /* LaunchScreen.storyboard */; };
		AEFA92792562510100A81661 /* main.m in Sources */ = {isa = PBXBuildFile; fileRef = AEFA92782562510100A81661 /* main.m */; };
/* End PBXBuildFile section */

/* Begin PBXFileReference section */
		1F1E119745A67880D546E89C /* Pods_TSPodHook.framework */ = {isa = PBXFileReference; explicitFileType = wrapper.framework; includeInIndex = 0; path = Pods_TSPodHook.framework; sourceTree = BUILT_PRODUCTS_DIR; };
		9DE5C5961382F0166244E1C7 /* Pods-TSPodHook.debug.xcconfig */ = {isa = PBXFileReference; includeInIndex = 1; lastKnownFileType = text.xcconfig; name = "Pods-TSPodHook.debug.xcconfig"; path = "Target Support Files/Pods-TSPodHook/Pods-TSPodHook.debug.xcconfig"; sourceTree = "<group>"; };
		AEFA9263256250FF00A81661 /* TSPodHook.app */ = {isa = PBXFileReference; explicitFileType = wrapper.application; includeInIndex = 0; path = TSPodHook.app; sourceTree = BUILT_PRODUCTS_DIR; };
		AEFA9266256250FF00A81661 /* AppDelegate.h */ = {isa = PBXFileReference; lastKnownFileType = sourcecode.c.h; path = AppDelegate.h; sourceTree = "<group>"; };
		AEFA9267256250FF00A81661 /* AppDelegate.m */ = {isa = PBXFileReference; lastKnownFileType = sourcecode.c.objc; path = AppDelegate.m; sourceTree = "<group>"; };
		AEFA9269256250FF00A81661 /* SceneDelegate.h */ = {isa = PBXFileReference; lastKnownFileType = sourcecode.c.h; path = SceneDelegate.h; sourceTree = "<group>"; };
		AEFA926A256250FF00A81661 /* SceneDelegate.m */ = {isa = PBXFileReference; lastKnownFileType = sourcecode.c.objc; path = SceneDelegate.m; sourceTree = "<group>"; };
		AEFA926C256250FF00A81661 /* ViewController.h */ = {isa = PBXFileReference; lastKnownFileType = sourcecode.c.h; path = ViewController.h; sourceTree = "<group>"; };
		AEFA926D256250FF00A81661 /* ViewController.m */ = {isa = PBXFileReference; lastKnownFileType = sourcecode.c.objc; path = ViewController.m; sourceTree = "<group>"; };
		AEFA9270256250FF00A81661 /* Base */ = {isa = PBXFileReference; lastKnownFileType = file.storyboard; name = Base; path = Base.lproj/Main.storyboard; sourceTree = "<group>"; };
		AEFA92722562510100A81661 /* Assets.xcassets */ = {isa = PBXFileReference; lastKnownFileType = folder.assetcatalog; path = Assets.xcassets; sourceTree = "<group>"; };
		AEFA92752562510100A81661 /* Base */ = {isa = PBXFileReference; lastKnownFileType = file.storyboard; name = Base; path = Base.lproj/LaunchScreen.storyboard; sourceTree = "<group>"; };
		AEFA92772562510100A81661 /* Info.plist */ = {isa = PBXFileReference; lastKnownFileType = text.plist.xml; path = Info.plist; sourceTree = "<group>"; };
		AEFA92782562510100A81661 /* main.m */ = {isa = PBXFileReference; lastKnownFileType = sourcecode.c.objc; path = main.m; sourceTree = "<group>"; };
		C551A75161F0A0B73E8125E2 /* Pods-TSPodHook.release.xcconfig */ = {isa = PBXFileReference; includeInIndex = 1; lastKnownFileType = text.xcconfig; name = "Pods-TSPodHook.release.xcconfig"; path = "Target Support Files/Pods-TSPodHook/Pods-TSPodHook.release.xcconfig"; sourceTree = "<group>"; };
/* End PBXFileReference section */

/* Begin PBXFrameworksBuildPhase section */
		AEFA9260256250FF00A81661 /* Frameworks */ = {
			isa = PBXFrameworksBuildPhase;
			buildActionMask = 2147483647;
			files = (
				31B45B33FAB8279A3B75E6E1 /* Pods_TSPodHook.framework in Frameworks */,
			);
			runOnlyForDeploymentPostprocessing = 0;
		};
/* End PBXFrameworksBuildPhase section */

/* Begin PBXGroup section */
		0BC8D040E37C0171329D9086 /* Frameworks */ = {
			isa = PBXGroup;
			children = (
				1F1E119745A67880D546E89C /* Pods_TSPodHook.framework */,
			);
			name = Frameworks;
			sourceTree = "<group>";
		};
		18474903023D47A924039A4E /* Pods */ = {
			isa = PBXGroup;
			children = (
				9DE5C5961382F0166244E1C7 /* Pods-TSPodHook.debug.xcconfig */,
				C551A75161F0A0B73E8125E2 /* Pods-TSPodHook.release.xcconfig */,
			);
			name = Pods;
			path = Pods;
			sourceTree = "<group>";
		};
		AEFA925A256250FF00A81661 = {
			isa = PBXGroup;
			children = (
				AEFA9265256250FF00A81661 /* TSPodHook */,
				AEFA9264256250FF00A81661 /* Products */,
				18474903023D47A924039A4E /* Pods */,
				0BC8D040E37C0171329D9086 /* Frameworks */,
			);
			sourceTree = "<group>";
		};
		AEFA9264256250FF00A81661 /* Products */ = {
			isa = PBXGroup;
			children = (
				AEFA9263256250FF00A81661 /* TSPodHook.app */,
			);
			name = Products;
			sourceTree = "<group>";
		};
		AEFA9265256250FF00A81661 /* TSPodHook */ = {
			isa = PBXGroup;
			children = (
				AEFA9266256250FF00A81661 /* AppDelegate.h */,
				AEFA9267256250FF00A81661 /* AppDelegate.m */,
				AEFA9269256250FF00A81661 /* SceneDelegate.h */,
				AEFA926A256250FF00A81661 /* SceneDelegate.m */,
				AEFA926C256250FF00A81661 /* ViewController.h */,
				AEFA926D256250FF00A81661 /* ViewController.m */,
				AEFA926F256250FF00A81661 /* Main.storyboard */,
				AEFA92722562510100A81661 /* Assets.xcassets */,
				AEFA92742562510100A81661 /* LaunchScreen.storyboard */,
				AEFA92772562510100A81661 /* Info.plist */,
				AEFA92782562510100A81661 /* main.m */,
			);
			path = TSPodHook;
			sourceTree = "<group>";
		};
/* End PBXGroup section */

/* Begin PBXNativeTarget section */
		AEFA9262256250FF00A81661 /* TSPodHook */ = {
			isa = PBXNativeTarget;
			buildConfigurationList = AEFA927C2562510100A81661 /* Build configuration list for PBXNativeTarget "TSPodHook" */;
			buildPhases = (
				D8733C70395C5E14F5D71003 /* [CP] Check Pods Manifest.lock */,
				AEFA925F256250FF00A81661 /* Sources */,
				AEFA9260256250FF00A81661 /* Frameworks */,
				AEFA9261256250FF00A81661 /* Resources */,
			);
			buildRules = (
			);
			dependencies = (
			);
			name = TSPodHook;
			productName = TSPodHook;
			productReference = AEFA9263256250FF00A81661 /* TSPodHook.app */;
			productType = "com.apple.product-type.application";
		};
/* End PBXNativeTarget section */

/* Begin PBXProject section */
		AEFA925B256250FF00A81661 /* Project object */ = {
			isa = PBXProject;
			attributes = {
				LastUpgradeCheck = 1200;
				TargetAttributes = {
					AEFA9262256250FF00A81661 = {
						CreatedOnToolsVersion = 12.0;
					};
				};
			};
			buildConfigurationList = AEFA925E256250FF00A81661 /* Build configuration list for PBXProject "TSPodHook" */;
			compatibilityVersion = "Xcode 9.3";
			developmentRegion = en;
			hasScannedForEncodings = 0;
			knownRegions = (
				en,
				Base,
			);
			mainGroup = AEFA925A256250FF00A81661;
			productRefGroup = AEFA9264256250FF00A81661 /* Products */;
			projectDirPath = "";
			projectRoot = "";
			targets = (
				AEFA9262256250FF00A81661 /* TSPodHook */,
			);
		};
/* End PBXProject section */

/* Begin PBXResourcesBuildPhase section */
		AEFA9261256250FF00A81661 /* Resources */ = {
			isa = PBXResourcesBuildPhase;
			buildActionMask = 2147483647;
			files = (
				AEFA92762562510100A81661 /* LaunchScreen.storyboard in Resources */,
				AEFA92732562510100A81661 /* Assets.xcassets in Resources */,
				AEFA9271256250FF00A81661 /* Main.storyboard in Resources */,
			);
			runOnlyForDeploymentPostprocessing = 0;
		};
/* End PBXResourcesBuildPhase section */

/* Begin PBXShellScriptBuildPhase section */
		D8733C70395C5E14F5D71003 /* [CP] Check Pods Manifest.lock */ = {
			isa = PBXShellScriptBuildPhase;
			buildActionMask = 2147483647;
			files = (
			);
			inputFileListPaths = (
			);
			inputPaths = (
				"${PODS_PODFILE_DIR_PATH}/Podfile.lock",
				"${PODS_ROOT}/Manifest.lock",
			);
			name = "[CP] Check Pods Manifest.lock";
			outputFileListPaths = (
			);
			outputPaths = (
				"$(DERIVED_FILE_DIR)/Pods-TSPodHook-checkManifestLockResult.txt",
			);
			runOnlyForDeploymentPostprocessing = 0;
			shellPath = /bin/sh;
			shellScript = "diff \"${PODS_PODFILE_DIR_PATH}/Podfile.lock\" \"${PODS_ROOT}/Manifest.lock\" > /dev/null\nif [ $? != 0 ] ; then\n    # print error to STDERR\n    echo \"error: The sandbox is not in sync with the Podfile.lock. Run 'pod install' or update your CocoaPods installation.\" >&2\n    exit 1\nfi\n# This output is used by Xcode 'outputs' to avoid re-running this script phase.\necho \"SUCCESS\" > \"${SCRIPT_OUTPUT_FILE_0}\"\n";
			showEnvVarsInLog = 0;
		};
/* End PBXShellScriptBuildPhase section */

/* Begin PBXSourcesBuildPhase section */
		AEFA925F256250FF00A81661 /* Sources */ = {
			isa = PBXSourcesBuildPhase;
			buildActionMask = 2147483647;
			files = (
				AEFA926E256250FF00A81661 /* ViewController.m in Sources */,
				AEFA9268256250FF00A81661 /* AppDelegate.m in Sources */,
				AEFA92792562510100A81661 /* main.m in Sources */,
				AEFA926B256250FF00A81661 /* SceneDelegate.m in Sources */,
			);
			runOnlyForDeploymentPostprocessing = 0;
		};
/* End PBXSourcesBuildPhase section */

/* Begin PBXVariantGroup section */
		AEFA926F256250FF00A81661 /* Main.storyboard */ = {
			isa = PBXVariantGroup;
			children = (
				AEFA9270256250FF00A81661 /* Base */,
			);
			name = Main.storyboard;
			sourceTree = "<group>";
		};
		AEFA92742562510100A81661 /* LaunchScreen.storyboard */ = {
			isa = PBXVariantGroup;
			children = (
				AEFA92752562510100A81661 /* Base */,
			);
			name = LaunchScreen.storyboard;
			sourceTree = "<group>";
		};
/* End PBXVariantGroup section */

/* Begin XCBuildConfiguration section */
		AEFA927A2562510100A81661 /* Debug */ = {
			isa = XCBuildConfiguration;
			buildSettings = {
				ALWAYS_SEARCH_USER_PATHS = NO;
				CLANG_ANALYZER_NONNULL = YES;
				CLANG_ANALYZER_NUMBER_OBJECT_CONVERSION = YES_AGGRESSIVE;
				CLANG_CXX_LANGUAGE_STANDARD = "gnu++14";
				CLANG_CXX_LIBRARY = "libc++";
				CLANG_ENABLE_MODULES = YES;
				CLANG_ENABLE_OBJC_ARC = YES;
				CLANG_ENABLE_OBJC_WEAK = YES;
				CLANG_WARN_BLOCK_CAPTURE_AUTORELEASING = YES;
				CLANG_WARN_BOOL_CONVERSION = YES;
				CLANG_WARN_COMMA = YES;
				CLANG_WARN_CONSTANT_CONVERSION = YES;
				CLANG_WARN_DEPRECATED_OBJC_IMPLEMENTATIONS = YES;
				CLANG_WARN_DIRECT_OBJC_ISA_USAGE = YES_ERROR;
				CLANG_WARN_DOCUMENTATION_COMMENTS = YES;
				CLANG_WARN_EMPTY_BODY = YES;
				CLANG_WARN_ENUM_CONVERSION = YES;
				CLANG_WARN_INFINITE_RECURSION = YES;
				CLANG_WARN_INT_CONVERSION = YES;
				CLANG_WARN_NON_LITERAL_NULL_CONVERSION = YES;
				CLANG_WARN_OBJC_IMPLICIT_RETAIN_SELF = YES;
				CLANG_WARN_OBJC_LITERAL_CONVERSION = YES;
				CLANG_WARN_OBJC_ROOT_CLASS = YES_ERROR;
				CLANG_WARN_QUOTED_INCLUDE_IN_FRAMEWORK_HEADER = YES;
				CLANG_WARN_RANGE_LOOP_ANALYSIS = YES;
				CLANG_WARN_STRICT_PROTOTYPES = YES;
				CLANG_WARN_SUSPICIOUS_MOVE = YES;
				CLANG_WARN_UNGUARDED_AVAILABILITY = YES_AGGRESSIVE;
				CLANG_WARN_UNREACHABLE_CODE = YES;
				CLANG_WARN__DUPLICATE_METHOD_MATCH = YES;
				COPY_PHASE_STRIP = NO;
				DEBUG_INFORMATION_FORMAT = dwarf;
				ENABLE_STRICT_OBJC_MSGSEND = YES;
				ENABLE_TESTABILITY = YES;
				GCC_C_LANGUAGE_STANDARD = gnu11;
				GCC_DYNAMIC_NO_PIC = NO;
				GCC_NO_COMMON_BLOCKS = YES;
				GCC_OPTIMIZATION_LEVEL = 0;
				GCC_PREPROCESSOR_DEFINITIONS = (
					"DEBUG=1",
					"$(inherited)",
				);
				GCC_WARN_64_TO_32_BIT_CONVERSION = YES;
				GCC_WARN_ABOUT_RETURN_TYPE = YES_ERROR;
				GCC_WARN_UNDECLARED_SELECTOR = YES;
				GCC_WARN_UNINITIALIZED_AUTOS = YES_AGGRESSIVE;
				GCC_WARN_UNUSED_FUNCTION = YES;
				GCC_WARN_UNUSED_VARIABLE = YES;
				IPHONEOS_DEPLOYMENT_TARGET = 14.0;
				MTL_ENABLE_DEBUG_INFO = INCLUDE_SOURCE;
				MTL_FAST_MATH = YES;
				ONLY_ACTIVE_ARCH = YES;
				SDKROOT = iphoneos;
			};
			name = Debug;
		};
		AEFA927B2562510100A81661 /* Release */ = {
			isa = XCBuildConfiguration;
			buildSettings = {
				ALWAYS_SEARCH_USER_PATHS = NO;
				CLANG_ANALYZER_NONNULL = YES;
				CLANG_ANALYZER_NUMBER_OBJECT_CONVERSION = YES_AGGRESSIVE;
				CLANG_CXX_LANGUAGE_STANDARD = "gnu++14";
				CLANG_CXX_LIBRARY = "libc++";
				CLANG_ENABLE_MODULES = YES;
				CLANG_ENABLE_OBJC_ARC = YES;
				CLANG_ENABLE_OBJC_WEAK = YES;
				CLANG_WARN_BLOCK_CAPTURE_AUTORELEASING = YES;
				CLANG_WARN_BOOL_CONVERSION = YES;
				CLANG_WARN_COMMA = YES;
				CLANG_WARN_CONSTANT_CONVERSION = YES;
				CLANG_WARN_DEPRECATED_OBJC_IMPLEMENTATIONS = YES;
				CLANG_WARN_DIRECT_OBJC_ISA_USAGE = YES_ERROR;
				CLANG_WARN_DOCUMENTATION_COMMENTS = YES;
				CLANG_WARN_EMPTY_BODY = YES;
				CLANG_WARN_ENUM_CONVERSION = YES;
				CLANG_WARN_INFINITE_RECURSION = YES;
				CLANG_WARN_INT_CONVERSION = YES;
				CLANG_WARN_NON_LITERAL_NULL_CONVERSION = YES;
				CLANG_WARN_OBJC_IMPLICIT_RETAIN_SELF = YES;
				CLANG_WARN_OBJC_LITERAL_CONVERSION = YES;
				CLANG_WARN_OBJC_ROOT_CLASS = YES_ERROR;
				CLANG_WARN_QUOTED_INCLUDE_IN_FRAMEWORK_HEADER = YES;
				CLANG_WARN_RANGE_LOOP_ANALYSIS = YES;
				CLANG_WARN_STRICT_PROTOTYPES = YES;
				CLANG_WARN_SUSPICIOUS_MOVE = YES;
				CLANG_WARN_UNGUARDED_AVAILABILITY = YES_AGGRESSIVE;
				CLANG_WARN_UNREACHABLE_CODE = YES;
				CLANG_WARN__DUPLICATE_METHOD_MATCH = YES;
				COPY_PHASE_STRIP = NO;
				DEBUG_INFORMATION_FORMAT = "dwarf-with-dsym";
				ENABLE_NS_ASSERTIONS = NO;
				ENABLE_STRICT_OBJC_MSGSEND = YES;
				GCC_C_LANGUAGE_STANDARD = gnu11;
				GCC_NO_COMMON_BLOCKS = YES;
				GCC_WARN_64_TO_32_BIT_CONVERSION = YES;
				GCC_WARN_ABOUT_RETURN_TYPE = YES_ERROR;
				GCC_WARN_UNDECLARED_SELECTOR = YES;
				GCC_WARN_UNINITIALIZED_AUTOS = YES_AGGRESSIVE;
				GCC_WARN_UNUSED_FUNCTION = YES;
				GCC_WARN_UNUSED_VARIABLE = YES;
				IPHONEOS_DEPLOYMENT_TARGET = 14.0;
				MTL_ENABLE_DEBUG_INFO = NO;
				MTL_FAST_MATH = YES;
				SDKROOT = iphoneos;
				VALIDATE_PRODUCT = YES;
			};
			name = Release;
		};
		AEFA927D2562510100A81661 /* Debug */ = {
			isa = XCBuildConfiguration;
			baseConfigurationReference = 9DE5C5961382F0166244E1C7 /* Pods-TSPodHook.debug.xcconfig */;
			buildSettings = {
				ASSETCATALOG_COMPILER_APPICON_NAME = AppIcon;
				ASSETCATALOG_COMPILER_GLOBAL_ACCENT_COLOR_NAME = AccentColor;
				CODE_SIGN_STYLE = Automatic;
				INFOPLIST_FILE = TSPodHook/Info.plist;
				LD_RUNPATH_SEARCH_PATHS = (
					"$(inherited)",
					"@executable_path/Frameworks",
				);
				PRODUCT_BUNDLE_IDENTIFIER = todayios.TSPodHook;
				PRODUCT_NAME = "$(TARGET_NAME)";
				TARGETED_DEVICE_FAMILY = "1,2";
			};
			name = Debug;
		};
		AEFA927E2562510100A81661 /* Release */ = {
			isa = XCBuildConfiguration;
			baseConfigurationReference = C551A75161F0A0B73E8125E2 /* Pods-TSPodHook.release.xcconfig */;
			buildSettings = {
				ASSETCATALOG_COMPILER_APPICON_NAME = AppIcon;
				ASSETCATALOG_COMPILER_GLOBAL_ACCENT_COLOR_NAME = AccentColor;
				CODE_SIGN_STYLE = Automatic;
				INFOPLIST_FILE = TSPodHook/Info.plist;
				LD_RUNPATH_SEARCH_PATHS = (
					"$(inherited)",
					"@executable_path/Frameworks",
				);
				PRODUCT_BUNDLE_IDENTIFIER = todayios.TSPodHook;
				PRODUCT_NAME = "$(TARGET_NAME)";
				TARGETED_DEVICE_FAMILY = "1,2";
			};
			name = Release;
		};
/* End XCBuildConfiguration section */

/* Begin XCConfigurationList section */
		AEFA925E256250FF00A81661 /* Build configuration list for PBXProject "TSPodHook" */ = {
			isa = XCConfigurationList;
			buildConfigurations = (
				AEFA927A2562510100A81661 /* Debug */,
				AEFA927B2562510100A81661 /* Release */,
			);
			defaultConfigurationIsVisible = 0;
			defaultConfigurationName = Release;
		};
		AEFA927C2562510100A81661 /* Build configuration list for PBXNativeTarget "TSPodHook" */ = {
			isa = XCConfigurationList;
			buildConfigurations = (
				AEFA927D2562510100A81661 /* Debug */,
				AEFA927E2562510100A81661 /* Release */,
			);
			defaultConfigurationIsVisible = 0;
			defaultConfigurationName = Release;
		};
/* End XCConfigurationList section */
	};
	rootObject = AEFA925B256250FF00A81661 /* Project object */;
}
